// !$*UTF8*$!
{
	archiveVersion = 1;
	classes = {
	};
	objectVersion = 48;
	objects = {

/* Begin PBXBuildFile section */
		48570B8E1FE535C200015BE5 /* Login.storyboard in Resources */ = {isa = PBXBuildFile; fileRef = 48570B8D1FE535C200015BE5 /* Login.storyboard */; };
		48570B901FE5371000015BE5 /* LoginViewController.swift in Sources */ = {isa = PBXBuildFile; fileRef = 48570B8F1FE5371000015BE5 /* LoginViewController.swift */; };
		48570B921FE5371A00015BE5 /* LoginViewModel.swift in Sources */ = {isa = PBXBuildFile; fileRef = 48570B911FE5371A00015BE5 /* LoginViewModel.swift */; };
		48570B951FE53BAE00015BE5 /* ApplicationKeys.swift in Sources */ = {isa = PBXBuildFile; fileRef = 48570B941FE53BAE00015BE5 /* ApplicationKeys.swift */; };
		48A343E01FE520DC00B80086 /* Onboarding.storyboard in Resources */ = {isa = PBXBuildFile; fileRef = 48A343DF1FE520DC00B80086 /* Onboarding.storyboard */; };
		48A343E31FE5210600B80086 /* Start.storyboard in Resources */ = {isa = PBXBuildFile; fileRef = 48A343E21FE5210600B80086 /* Start.storyboard */; };
		48A343E51FE5210F00B80086 /* StartViewModel.swift in Sources */ = {isa = PBXBuildFile; fileRef = 48A343E41FE5210F00B80086 /* StartViewModel.swift */; };
		48A343E71FE5211800B80086 /* StartViewController.swift in Sources */ = {isa = PBXBuildFile; fileRef = 48A343E61FE5211800B80086 /* StartViewController.swift */; };
		48A343EB1FE522C100B80086 /* CAGradientLayer+Image.swift in Sources */ = {isa = PBXBuildFile; fileRef = 48A343EA1FE522C100B80086 /* CAGradientLayer+Image.swift */; };
		48A343ED1FE522D500B80086 /* UINavigationBar+Setup.swift in Sources */ = {isa = PBXBuildFile; fileRef = 48A343EC1FE522D500B80086 /* UINavigationBar+Setup.swift */; };
		48A343EF1FE5240E00B80086 /* UIColor+Palette.swift in Sources */ = {isa = PBXBuildFile; fileRef = 48A343EE1FE5240E00B80086 /* UIColor+Palette.swift */; };
		48A343F31FE527C100B80086 /* RoundCornerButton.swift in Sources */ = {isa = PBXBuildFile; fileRef = 48A343F21FE527C100B80086 /* RoundCornerButton.swift */; };
		48A343F51FE527F800B80086 /* ColorRoundCornerButton.swift in Sources */ = {isa = PBXBuildFile; fileRef = 48A343F41FE527F800B80086 /* ColorRoundCornerButton.swift */; };
		48A343F91FE5284700B80086 /* GradientCornerButton.swift in Sources */ = {isa = PBXBuildFile; fileRef = 48A343F81FE5284700B80086 /* GradientCornerButton.swift */; };
		48A343FB1FE52C9A00B80086 /* OnboardingViewController.swift in Sources */ = {isa = PBXBuildFile; fileRef = 48A343FA1FE52C9A00B80086 /* OnboardingViewController.swift */; };
		48A343FD1FE52CAA00B80086 /* OnboardingViewModel.swift in Sources */ = {isa = PBXBuildFile; fileRef = 48A343FC1FE52CAA00B80086 /* OnboardingViewModel.swift */; };
		48A343FF1FE52DC600B80086 /* OnboardingCollectionViewCell.swift in Sources */ = {isa = PBXBuildFile; fileRef = 48A343FE1FE52DC600B80086 /* OnboardingCollectionViewCell.swift */; };
		48A344011FE52E3300B80086 /* UIView+Identifier.swift in Sources */ = {isa = PBXBuildFile; fileRef = 48A344001FE52E3300B80086 /* UIView+Identifier.swift */; };
		48A344031FE530CC00B80086 /* OnboardingCollectionViewCell.xib in Resources */ = {isa = PBXBuildFile; fileRef = 48A344021FE530CC00B80086 /* OnboardingCollectionViewCell.xib */; };
		967BA01C0B7FAB090149BFED /* Pods_Gelukszaaiers.framework in Frameworks */ = {isa = PBXBuildFile; fileRef = 7DCD39BB937DB4DAD8B4681E /* Pods_Gelukszaaiers.framework */; };
		9D06ED6F1FE5224C0026845C /* Request.swift in Sources */ = {isa = PBXBuildFile; fileRef = 9D06ED6E1FE5224C0026845C /* Request.swift */; };
		9D06ED711FE525780026845C /* Adapter.swift in Sources */ = {isa = PBXBuildFile; fileRef = 9D06ED701FE525780026845C /* Adapter.swift */; };
		9D06ED731FE5261F0026845C /* Serializer.swift in Sources */ = {isa = PBXBuildFile; fileRef = 9D06ED721FE5261F0026845C /* Serializer.swift */; };
		9D06ED751FE5295D0026845C /* SeedsRequest.swift in Sources */ = {isa = PBXBuildFile; fileRef = 9D06ED741FE5295D0026845C /* SeedsRequest.swift */; };
		9D33D50F1FE52F780047E16B /* Image.swift in Sources */ = {isa = PBXBuildFile; fileRef = 9D33D50E1FE52F780047E16B /* Image.swift */; };
		9D33D5131FE52F870047E16B /* Location.swift in Sources */ = {isa = PBXBuildFile; fileRef = 9D33D5121FE52F870047E16B /* Location.swift */; };
		9D33D5151FE52FAF0047E16B /* Person.swift in Sources */ = {isa = PBXBuildFile; fileRef = 9D33D5141FE52FAF0047E16B /* Person.swift */; };
		9D3FCEC31FE5378600A9DC85 /* Home.storyboard in Resources */ = {isa = PBXBuildFile; fileRef = 9D3FCEBF1FE5378600A9DC85 /* Home.storyboard */; };
		9D3FCEC41FE5378600A9DC85 /* MapViewController.swift in Sources */ = {isa = PBXBuildFile; fileRef = 9D3FCEC11FE5378600A9DC85 /* MapViewController.swift */; };
		9D3FCEC51FE5378600A9DC85 /* MapViewModel.swift in Sources */ = {isa = PBXBuildFile; fileRef = 9D3FCEC21FE5378600A9DC85 /* MapViewModel.swift */; };
		9D3FCECC1FE5379400A9DC85 /* Seed+Location.swift in Sources */ = {isa = PBXBuildFile; fileRef = 9D3FCEC71FE5379400A9DC85 /* Seed+Location.swift */; };
		9D3FCECD1FE5379400A9DC85 /* Seed.swift in Sources */ = {isa = PBXBuildFile; fileRef = 9D3FCEC81FE5379400A9DC85 /* Seed.swift */; };
		9D3FCECE1FE5379400A9DC85 /* Coordinate+Location.swift in Sources */ = {isa = PBXBuildFile; fileRef = 9D3FCECA1FE5379400A9DC85 /* Coordinate+Location.swift */; };
		9D3FCECF1FE5379400A9DC85 /* Coordinate.swift in Sources */ = {isa = PBXBuildFile; fileRef = 9D3FCECB1FE5379400A9DC85 /* Coordinate.swift */; };
		9D3FCED11FE5379F00A9DC85 /* MapKit.framework in Frameworks */ = {isa = PBXBuildFile; fileRef = 9D3FCED01FE5379F00A9DC85 /* MapKit.framework */; };
		9D3FCED31FE5382100A9DC85 /* HomeViewController.swift in Sources */ = {isa = PBXBuildFile; fileRef = 9D3FCED21FE5382100A9DC85 /* HomeViewController.swift */; };
		9D3FCED51FE5382C00A9DC85 /* HomeViewModel.swift in Sources */ = {isa = PBXBuildFile; fileRef = 9D3FCED41FE5382C00A9DC85 /* HomeViewModel.swift */; };
		9D62EE9B1FE5193800EA6F5B /* AppDelegate.swift in Sources */ = {isa = PBXBuildFile; fileRef = 9D62EE9A1FE5193800EA6F5B /* AppDelegate.swift */; };
		9D62EEA21FE5193800EA6F5B /* Assets.xcassets in Resources */ = {isa = PBXBuildFile; fileRef = 9D62EEA11FE5193800EA6F5B /* Assets.xcassets */; };
		9D62EEA51FE5193800EA6F5B /* LaunchScreen.storyboard in Resources */ = {isa = PBXBuildFile; fileRef = 9D62EEA31FE5193800EA6F5B /* LaunchScreen.storyboard */; };
		9D62EEB31FE51B1C00EA6F5B /* JSONSerializer.swift in Sources */ = {isa = PBXBuildFile; fileRef = 9D62EEB21FE51B1C00EA6F5B /* JSONSerializer.swift */; };
		9D62EEB51FE51B3400EA6F5B /* BackendError.swift in Sources */ = {isa = PBXBuildFile; fileRef = 9D62EEB41FE51B3400EA6F5B /* BackendError.swift */; };
		9D62EEB71FE51B4600EA6F5B /* Result.swift in Sources */ = {isa = PBXBuildFile; fileRef = 9D62EEB61FE51B4600EA6F5B /* Result.swift */; };
		9D62EEB91FE51B5E00EA6F5B /* Response.swift in Sources */ = {isa = PBXBuildFile; fileRef = 9D62EEB81FE51B5E00EA6F5B /* Response.swift */; };
		9D62EEBC1FE51BAE00EA6F5B /* Profile.swift in Sources */ = {isa = PBXBuildFile; fileRef = 9D62EEBB1FE51BAE00EA6F5B /* Profile.swift */; };
		9D62EEC01FE51C9100EA6F5B /* FacebookRequest.swift in Sources */ = {isa = PBXBuildFile; fileRef = 9D62EEBF1FE51C9100EA6F5B /* FacebookRequest.swift */; };
		9D62EEC31FE51D1D00EA6F5B /* Service.swift in Sources */ = {isa = PBXBuildFile; fileRef = 9D62EEC21FE51D1D00EA6F5B /* Service.swift */; };
/* End PBXBuildFile section */

/* Begin PBXFileReference section */
		448BF78D6B64BE8CBC5D9F66 /* Pods-Gelukszaaiers.release.xcconfig */ = {isa = PBXFileReference; includeInIndex = 1; lastKnownFileType = text.xcconfig; name = "Pods-Gelukszaaiers.release.xcconfig"; path = "Pods/Target Support Files/Pods-Gelukszaaiers/Pods-Gelukszaaiers.release.xcconfig"; sourceTree = "<group>"; };
		48570B8D1FE535C200015BE5 /* Login.storyboard */ = {isa = PBXFileReference; lastKnownFileType = file.storyboard; path = Login.storyboard; sourceTree = "<group>"; };
		48570B8F1FE5371000015BE5 /* LoginViewController.swift */ = {isa = PBXFileReference; lastKnownFileType = sourcecode.swift; path = LoginViewController.swift; sourceTree = "<group>"; };
		48570B911FE5371A00015BE5 /* LoginViewModel.swift */ = {isa = PBXFileReference; lastKnownFileType = sourcecode.swift; path = LoginViewModel.swift; sourceTree = "<group>"; };
		48570B941FE53BAE00015BE5 /* ApplicationKeys.swift */ = {isa = PBXFileReference; lastKnownFileType = sourcecode.swift; path = ApplicationKeys.swift; sourceTree = "<group>"; };
		48A343DF1FE520DC00B80086 /* Onboarding.storyboard */ = {isa = PBXFileReference; lastKnownFileType = file.storyboard; path = Onboarding.storyboard; sourceTree = "<group>"; };
		48A343E21FE5210600B80086 /* Start.storyboard */ = {isa = PBXFileReference; lastKnownFileType = file.storyboard; path = Start.storyboard; sourceTree = "<group>"; };
		48A343E41FE5210F00B80086 /* StartViewModel.swift */ = {isa = PBXFileReference; lastKnownFileType = sourcecode.swift; path = StartViewModel.swift; sourceTree = "<group>"; };
		48A343E61FE5211800B80086 /* StartViewController.swift */ = {isa = PBXFileReference; lastKnownFileType = sourcecode.swift; path = StartViewController.swift; sourceTree = "<group>"; };
		48A343EA1FE522C100B80086 /* CAGradientLayer+Image.swift */ = {isa = PBXFileReference; lastKnownFileType = sourcecode.swift; path = "CAGradientLayer+Image.swift"; sourceTree = "<group>"; };
		48A343EC1FE522D500B80086 /* UINavigationBar+Setup.swift */ = {isa = PBXFileReference; lastKnownFileType = sourcecode.swift; path = "UINavigationBar+Setup.swift"; sourceTree = "<group>"; };
		48A343EE1FE5240E00B80086 /* UIColor+Palette.swift */ = {isa = PBXFileReference; lastKnownFileType = sourcecode.swift; path = "UIColor+Palette.swift"; sourceTree = "<group>"; };
		48A343F21FE527C100B80086 /* RoundCornerButton.swift */ = {isa = PBXFileReference; lastKnownFileType = sourcecode.swift; path = RoundCornerButton.swift; sourceTree = "<group>"; };
		48A343F41FE527F800B80086 /* ColorRoundCornerButton.swift */ = {isa = PBXFileReference; lastKnownFileType = sourcecode.swift; path = ColorRoundCornerButton.swift; sourceTree = "<group>"; };
		48A343F81FE5284700B80086 /* GradientCornerButton.swift */ = {isa = PBXFileReference; lastKnownFileType = sourcecode.swift; path = GradientCornerButton.swift; sourceTree = "<group>"; };
		48A343FA1FE52C9A00B80086 /* OnboardingViewController.swift */ = {isa = PBXFileReference; lastKnownFileType = sourcecode.swift; path = OnboardingViewController.swift; sourceTree = "<group>"; };
		48A343FC1FE52CAA00B80086 /* OnboardingViewModel.swift */ = {isa = PBXFileReference; lastKnownFileType = sourcecode.swift; path = OnboardingViewModel.swift; sourceTree = "<group>"; };
		48A343FE1FE52DC600B80086 /* OnboardingCollectionViewCell.swift */ = {isa = PBXFileReference; lastKnownFileType = sourcecode.swift; path = OnboardingCollectionViewCell.swift; sourceTree = "<group>"; };
		48A344001FE52E3300B80086 /* UIView+Identifier.swift */ = {isa = PBXFileReference; lastKnownFileType = sourcecode.swift; path = "UIView+Identifier.swift"; sourceTree = "<group>"; };
		48A344021FE530CC00B80086 /* OnboardingCollectionViewCell.xib */ = {isa = PBXFileReference; lastKnownFileType = file.xib; path = OnboardingCollectionViewCell.xib; sourceTree = "<group>"; };
		7DCD39BB937DB4DAD8B4681E /* Pods_Gelukszaaiers.framework */ = {isa = PBXFileReference; explicitFileType = wrapper.framework; includeInIndex = 0; path = Pods_Gelukszaaiers.framework; sourceTree = BUILT_PRODUCTS_DIR; };
		9D06ED6E1FE5224C0026845C /* Request.swift */ = {isa = PBXFileReference; lastKnownFileType = sourcecode.swift; path = Request.swift; sourceTree = "<group>"; };
		9D06ED701FE525780026845C /* Adapter.swift */ = {isa = PBXFileReference; lastKnownFileType = sourcecode.swift; path = Adapter.swift; sourceTree = "<group>"; };
		9D06ED721FE5261F0026845C /* Serializer.swift */ = {isa = PBXFileReference; lastKnownFileType = sourcecode.swift; path = Serializer.swift; sourceTree = "<group>"; };
		9D06ED741FE5295D0026845C /* SeedsRequest.swift */ = {isa = PBXFileReference; lastKnownFileType = sourcecode.swift; path = SeedsRequest.swift; sourceTree = "<group>"; };
		9D33D50E1FE52F780047E16B /* Image.swift */ = {isa = PBXFileReference; lastKnownFileType = sourcecode.swift; path = Image.swift; sourceTree = "<group>"; };
		9D33D5121FE52F870047E16B /* Location.swift */ = {isa = PBXFileReference; lastKnownFileType = sourcecode.swift; path = Location.swift; sourceTree = "<group>"; };
		9D33D5141FE52FAF0047E16B /* Person.swift */ = {isa = PBXFileReference; lastKnownFileType = sourcecode.swift; path = Person.swift; sourceTree = "<group>"; };
		9D3FCEBF1FE5378600A9DC85 /* Home.storyboard */ = {isa = PBXFileReference; fileEncoding = 4; lastKnownFileType = file.storyboard; path = Home.storyboard; sourceTree = "<group>"; };
		9D3FCEC11FE5378600A9DC85 /* MapViewController.swift */ = {isa = PBXFileReference; fileEncoding = 4; lastKnownFileType = sourcecode.swift; path = MapViewController.swift; sourceTree = "<group>"; };
		9D3FCEC21FE5378600A9DC85 /* MapViewModel.swift */ = {isa = PBXFileReference; fileEncoding = 4; lastKnownFileType = sourcecode.swift; path = MapViewModel.swift; sourceTree = "<group>"; };
		9D3FCEC71FE5379400A9DC85 /* Seed+Location.swift */ = {isa = PBXFileReference; fileEncoding = 4; lastKnownFileType = sourcecode.swift; path = "Seed+Location.swift"; sourceTree = "<group>"; };
		9D3FCEC81FE5379400A9DC85 /* Seed.swift */ = {isa = PBXFileReference; fileEncoding = 4; lastKnownFileType = sourcecode.swift; path = Seed.swift; sourceTree = "<group>"; };
		9D3FCECA1FE5379400A9DC85 /* Coordinate+Location.swift */ = {isa = PBXFileReference; fileEncoding = 4; lastKnownFileType = sourcecode.swift; path = "Coordinate+Location.swift"; sourceTree = "<group>"; };
		9D3FCECB1FE5379400A9DC85 /* Coordinate.swift */ = {isa = PBXFileReference; fileEncoding = 4; lastKnownFileType = sourcecode.swift; path = Coordinate.swift; sourceTree = "<group>"; };
		9D3FCED01FE5379F00A9DC85 /* MapKit.framework */ = {isa = PBXFileReference; lastKnownFileType = wrapper.framework; name = MapKit.framework; path = System/Library/Frameworks/MapKit.framework; sourceTree = SDKROOT; };
		9D3FCED21FE5382100A9DC85 /* HomeViewController.swift */ = {isa = PBXFileReference; lastKnownFileType = sourcecode.swift; path = HomeViewController.swift; sourceTree = "<group>"; };
		9D3FCED41FE5382C00A9DC85 /* HomeViewModel.swift */ = {isa = PBXFileReference; lastKnownFileType = sourcecode.swift; path = HomeViewModel.swift; sourceTree = "<group>"; };
		9D62EE971FE5193800EA6F5B /* Gelukszaaiers.app */ = {isa = PBXFileReference; explicitFileType = wrapper.application; includeInIndex = 0; path = Gelukszaaiers.app; sourceTree = BUILT_PRODUCTS_DIR; };
		9D62EE9A1FE5193800EA6F5B /* AppDelegate.swift */ = {isa = PBXFileReference; lastKnownFileType = sourcecode.swift; path = AppDelegate.swift; sourceTree = "<group>"; };
		9D62EEA11FE5193800EA6F5B /* Assets.xcassets */ = {isa = PBXFileReference; lastKnownFileType = folder.assetcatalog; path = Assets.xcassets; sourceTree = "<group>"; };
		9D62EEA41FE5193800EA6F5B /* Base */ = {isa = PBXFileReference; lastKnownFileType = file.storyboard; name = Base; path = Base.lproj/LaunchScreen.storyboard; sourceTree = "<group>"; };
		9D62EEA61FE5193800EA6F5B /* Info.plist */ = {isa = PBXFileReference; lastKnownFileType = text.plist.xml; path = Info.plist; sourceTree = "<group>"; };
		9D62EEB21FE51B1C00EA6F5B /* JSONSerializer.swift */ = {isa = PBXFileReference; lastKnownFileType = sourcecode.swift; path = JSONSerializer.swift; sourceTree = "<group>"; };
		9D62EEB41FE51B3400EA6F5B /* BackendError.swift */ = {isa = PBXFileReference; lastKnownFileType = sourcecode.swift; path = BackendError.swift; sourceTree = "<group>"; };
		9D62EEB61FE51B4600EA6F5B /* Result.swift */ = {isa = PBXFileReference; lastKnownFileType = sourcecode.swift; path = Result.swift; sourceTree = "<group>"; };
		9D62EEB81FE51B5E00EA6F5B /* Response.swift */ = {isa = PBXFileReference; lastKnownFileType = sourcecode.swift; path = Response.swift; sourceTree = "<group>"; };
		9D62EEBB1FE51BAE00EA6F5B /* Profile.swift */ = {isa = PBXFileReference; lastKnownFileType = sourcecode.swift; path = Profile.swift; sourceTree = "<group>"; };
		9D62EEBF1FE51C9100EA6F5B /* FacebookRequest.swift */ = {isa = PBXFileReference; lastKnownFileType = sourcecode.swift; path = FacebookRequest.swift; sourceTree = "<group>"; };
		9D62EEC21FE51D1D00EA6F5B /* Service.swift */ = {isa = PBXFileReference; lastKnownFileType = sourcecode.swift; path = Service.swift; sourceTree = "<group>"; };
		B96AF64C9CDF96584A32F9A4 /* Pods-Gelukszaaiers.debug.xcconfig */ = {isa = PBXFileReference; includeInIndex = 1; lastKnownFileType = text.xcconfig; name = "Pods-Gelukszaaiers.debug.xcconfig"; path = "Pods/Target Support Files/Pods-Gelukszaaiers/Pods-Gelukszaaiers.debug.xcconfig"; sourceTree = "<group>"; };
/* End PBXFileReference section */

/* Begin PBXFrameworksBuildPhase section */
		9D62EE941FE5193800EA6F5B /* Frameworks */ = {
			isa = PBXFrameworksBuildPhase;
			buildActionMask = 2147483647;
			files = (
				9D3FCED11FE5379F00A9DC85 /* MapKit.framework in Frameworks */,
				967BA01C0B7FAB090149BFED /* Pods_Gelukszaaiers.framework in Frameworks */,
			);
			runOnlyForDeploymentPostprocessing = 0;
		};
/* End PBXFrameworksBuildPhase section */

/* Begin PBXGroup section */
		38393CB0A828F688E4F52D3F /* Pods */ = {
			isa = PBXGroup;
			children = (
				B96AF64C9CDF96584A32F9A4 /* Pods-Gelukszaaiers.debug.xcconfig */,
				448BF78D6B64BE8CBC5D9F66 /* Pods-Gelukszaaiers.release.xcconfig */,
			);
			name = Pods;
			sourceTree = "<group>";
		};
		48570B8C1FE535B800015BE5 /* Login */ = {
			isa = PBXGroup;
			children = (
				48570B8D1FE535C200015BE5 /* Login.storyboard */,
				48570B911FE5371A00015BE5 /* LoginViewModel.swift */,
				48570B8F1FE5371000015BE5 /* LoginViewController.swift */,
			);
			path = Login;
			sourceTree = "<group>";
		};
		48570B931FE53BA200015BE5 /* ApplicationKeys */ = {
			isa = PBXGroup;
			children = (
				48570B941FE53BAE00015BE5 /* ApplicationKeys.swift */,
			);
			path = ApplicationKeys;
			sourceTree = "<group>";
		};
		48A343DD1FE5208600B80086 /* Modules */ = {
			isa = PBXGroup;
			children = (
				9D3FCEBE1FE5378600A9DC85 /* Home */,
				48A343DE1FE520BA00B80086 /* Onboarding */,
				48570B8C1FE535B800015BE5 /* Login */,
				48A343E11FE520F700B80086 /* Start */,
			);
			path = Modules;
			sourceTree = "<group>";
		};
		48A343DE1FE520BA00B80086 /* Onboarding */ = {
			isa = PBXGroup;
			children = (
				48A343DF1FE520DC00B80086 /* Onboarding.storyboard */,
				48A343FC1FE52CAA00B80086 /* OnboardingViewModel.swift */,
				48A343FA1FE52C9A00B80086 /* OnboardingViewController.swift */,
				48A343FE1FE52DC600B80086 /* OnboardingCollectionViewCell.swift */,
				48A344021FE530CC00B80086 /* OnboardingCollectionViewCell.xib */,
			);
			path = Onboarding;
			sourceTree = "<group>";
		};
		48A343E11FE520F700B80086 /* Start */ = {
			isa = PBXGroup;
			children = (
				48A343E21FE5210600B80086 /* Start.storyboard */,
				48A343E41FE5210F00B80086 /* StartViewModel.swift */,
				48A343E61FE5211800B80086 /* StartViewController.swift */,
			);
			path = Start;
			sourceTree = "<group>";
		};
		48A343E91FE5227D00B80086 /* Extensions */ = {
			isa = PBXGroup;
			children = (
				48A343EA1FE522C100B80086 /* CAGradientLayer+Image.swift */,
				48A343EC1FE522D500B80086 /* UINavigationBar+Setup.swift */,
				48A343EE1FE5240E00B80086 /* UIColor+Palette.swift */,
				48A344001FE52E3300B80086 /* UIView+Identifier.swift */,
			);
			path = Extensions;
			sourceTree = "<group>";
		};
		48A343F01FE5271700B80086 /* Views */ = {
			isa = PBXGroup;
			children = (
				48A343F71FE5283B00B80086 /* GradientCornerButton */,
				48A343F11FE527A100B80086 /* RoundCornerButton */,
				48A343F61FE527FC00B80086 /* ColorRoundCornerButton */,
			);
			path = Views;
			sourceTree = "<group>";
		};
		48A343F11FE527A100B80086 /* RoundCornerButton */ = {
			isa = PBXGroup;
			children = (
				48A343F21FE527C100B80086 /* RoundCornerButton.swift */,
			);
			path = RoundCornerButton;
			sourceTree = "<group>";
		};
		48A343F61FE527FC00B80086 /* ColorRoundCornerButton */ = {
			isa = PBXGroup;
			children = (
				48A343F41FE527F800B80086 /* ColorRoundCornerButton.swift */,
			);
			path = ColorRoundCornerButton;
			sourceTree = "<group>";
		};
		48A343F71FE5283B00B80086 /* GradientCornerButton */ = {
			isa = PBXGroup;
			children = (
				48A343F81FE5284700B80086 /* GradientCornerButton.swift */,
			);
			path = GradientCornerButton;
			sourceTree = "<group>";
		};
		9D3FCEBE1FE5378600A9DC85 /* Home */ = {
			isa = PBXGroup;
			children = (
				9D3FCEBF1FE5378600A9DC85 /* Home.storyboard */,
				9D3FCED21FE5382100A9DC85 /* HomeViewController.swift */,
				9D3FCED41FE5382C00A9DC85 /* HomeViewModel.swift */,
				9D3FCEC01FE5378600A9DC85 /* Map */,
			);
			name = Home;
			path = Gelukszaaiers/Home;
			sourceTree = SOURCE_ROOT;
		};
		9D3FCEC01FE5378600A9DC85 /* Map */ = {
			isa = PBXGroup;
			children = (
				9D3FCEC11FE5378600A9DC85 /* MapViewController.swift */,
				9D3FCEC21FE5378600A9DC85 /* MapViewModel.swift */,
			);
			path = Map;
			sourceTree = "<group>";
		};
		9D3FCEC61FE5379400A9DC85 /* Seed */ = {
			isa = PBXGroup;
			children = (
				9D3FCEC71FE5379400A9DC85 /* Seed+Location.swift */,
				9D3FCEC81FE5379400A9DC85 /* Seed.swift */,
			);
			path = Seed;
			sourceTree = "<group>";
		};
		9D3FCEC91FE5379400A9DC85 /* Coordinate */ = {
			isa = PBXGroup;
			children = (
				9D3FCECA1FE5379400A9DC85 /* Coordinate+Location.swift */,
				9D3FCECB1FE5379400A9DC85 /* Coordinate.swift */,
			);
			path = Coordinate;
			sourceTree = "<group>";
		};
		9D62EE8E1FE5193800EA6F5B = {
			isa = PBXGroup;
			children = (
				9D62EE991FE5193800EA6F5B /* Gelukszaaiers */,
				9D62EE981FE5193800EA6F5B /* Products */,
				38393CB0A828F688E4F52D3F /* Pods */,
				F135FA5226DE441838F02B7A /* Frameworks */,
			);
			sourceTree = "<group>";
		};
		9D62EE981FE5193800EA6F5B /* Products */ = {
			isa = PBXGroup;
			children = (
				9D62EE971FE5193800EA6F5B /* Gelukszaaiers.app */,
			);
			name = Products;
			sourceTree = "<group>";
		};
		9D62EE991FE5193800EA6F5B /* Gelukszaaiers */ = {
			isa = PBXGroup;
			children = (
				9D62EE9A1FE5193800EA6F5B /* AppDelegate.swift */,
				48570B931FE53BA200015BE5 /* ApplicationKeys */,
				48A343E91FE5227D00B80086 /* Extensions */,
				48A343DD1FE5208600B80086 /* Modules */,
				9D62EEAE1FE51AE300EA6F5B /* Service */,
				9D62EEAD1FE5199E00EA6F5B /* Supporting Files */,
				48A343F01FE5271700B80086 /* Views */,
			);
			path = Gelukszaaiers;
			sourceTree = "<group>";
		};
		9D62EEAD1FE5199E00EA6F5B /* Supporting Files */ = {
			isa = PBXGroup;
			children = (
				9D62EEA11FE5193800EA6F5B /* Assets.xcassets */,
				9D62EEA31FE5193800EA6F5B /* LaunchScreen.storyboard */,
				9D62EEA61FE5193800EA6F5B /* Info.plist */,
			);
			path = "Supporting Files";
			sourceTree = "<group>";
		};
		9D62EEAE1FE51AE300EA6F5B /* Service */ = {
			isa = PBXGroup;
			children = (
				9D62EEC11FE51D1500EA6F5B /* Backend */,
				9D62EEAF1FE51AED00EA6F5B /* Models */,
				9D62EEB11FE51AFA00EA6F5B /* Requests */,
				9D62EEBA1FE51B6C00EA6F5B /* Serializer */,
			);
			path = Service;
			sourceTree = "<group>";
		};
		9D62EEAF1FE51AED00EA6F5B /* Models */ = {
			isa = PBXGroup;
			children = (
				9D3FCEC91FE5379400A9DC85 /* Coordinate */,
				9D33D50E1FE52F780047E16B /* Image.swift */,
				9D33D5121FE52F870047E16B /* Location.swift */,
				9D33D5141FE52FAF0047E16B /* Person.swift */,
				9D62EEBB1FE51BAE00EA6F5B /* Profile.swift */,
				9D3FCEC61FE5379400A9DC85 /* Seed */,
			);
			path = Models;
			sourceTree = "<group>";
		};
		9D62EEB11FE51AFA00EA6F5B /* Requests */ = {
			isa = PBXGroup;
			children = (
				9D62EEBF1FE51C9100EA6F5B /* FacebookRequest.swift */,
				9D06ED741FE5295D0026845C /* SeedsRequest.swift */,
			);
			path = Requests;
			sourceTree = "<group>";
		};
		9D62EEBA1FE51B6C00EA6F5B /* Serializer */ = {
			isa = PBXGroup;
			children = (
				9D62EEB41FE51B3400EA6F5B /* BackendError.swift */,
				9D62EEB21FE51B1C00EA6F5B /* JSONSerializer.swift */,
				9D62EEB81FE51B5E00EA6F5B /* Response.swift */,
				9D62EEB61FE51B4600EA6F5B /* Result.swift */,
				9D06ED721FE5261F0026845C /* Serializer.swift */,
			);
			path = Serializer;
			sourceTree = "<group>";
		};
		9D62EEC11FE51D1500EA6F5B /* Backend */ = {
			isa = PBXGroup;
			children = (
				9D06ED701FE525780026845C /* Adapter.swift */,
				9D06ED6E1FE5224C0026845C /* Request.swift */,
				9D62EEC21FE51D1D00EA6F5B /* Service.swift */,
			);
			path = Backend;
			sourceTree = "<group>";
		};
		F135FA5226DE441838F02B7A /* Frameworks */ = {
			isa = PBXGroup;
			children = (
				9D3FCED01FE5379F00A9DC85 /* MapKit.framework */,
				7DCD39BB937DB4DAD8B4681E /* Pods_Gelukszaaiers.framework */,
			);
			name = Frameworks;
			sourceTree = "<group>";
		};
/* End PBXGroup section */

/* Begin PBXNativeTarget section */
		9D62EE961FE5193800EA6F5B /* Gelukszaaiers */ = {
			isa = PBXNativeTarget;
			buildConfigurationList = 9D62EEA91FE5193800EA6F5B /* Build configuration list for PBXNativeTarget "Gelukszaaiers" */;
			buildPhases = (
				F2C44AB3CAAA49BDD5874628 /* [CP] Check Pods Manifest.lock */,
				9D62EE931FE5193800EA6F5B /* Sources */,
				9D62EE941FE5193800EA6F5B /* Frameworks */,
				9D62EE951FE5193800EA6F5B /* Resources */,
				090F94D65B2F79658592F335 /* [CP] Embed Pods Frameworks */,
				3051FB84CA83DC9C31E38808 /* [CP] Copy Pods Resources */,
			);
			buildRules = (
			);
			dependencies = (
			);
			name = Gelukszaaiers;
			productName = Gelukszaaiers;
			productReference = 9D62EE971FE5193800EA6F5B /* Gelukszaaiers.app */;
			productType = "com.apple.product-type.application";
		};
/* End PBXNativeTarget section */

/* Begin PBXProject section */
		9D62EE8F1FE5193800EA6F5B /* Project object */ = {
			isa = PBXProject;
			attributes = {
				LastSwiftUpdateCheck = 0920;
				LastUpgradeCheck = 0920;
				ORGANIZATIONNAME = Gelukszaaiers;
				TargetAttributes = {
					9D62EE961FE5193800EA6F5B = {
						CreatedOnToolsVersion = 9.2;
						ProvisioningStyle = Automatic;
						SystemCapabilities = {
							com.apple.Maps.iOS = {
								enabled = 1;
							};
						};
					};
				};
			};
			buildConfigurationList = 9D62EE921FE5193800EA6F5B /* Build configuration list for PBXProject "Gelukszaaiers" */;
			compatibilityVersion = "Xcode 8.0";
			developmentRegion = en;
			hasScannedForEncodings = 0;
			knownRegions = (
				en,
				Base,
			);
			mainGroup = 9D62EE8E1FE5193800EA6F5B;
			productRefGroup = 9D62EE981FE5193800EA6F5B /* Products */;
			projectDirPath = "";
			projectRoot = "";
			targets = (
				9D62EE961FE5193800EA6F5B /* Gelukszaaiers */,
			);
		};
/* End PBXProject section */

/* Begin PBXResourcesBuildPhase section */
		9D62EE951FE5193800EA6F5B /* Resources */ = {
			isa = PBXResourcesBuildPhase;
			buildActionMask = 2147483647;
			files = (
				9D62EEA51FE5193800EA6F5B /* LaunchScreen.storyboard in Resources */,
				9D62EEA21FE5193800EA6F5B /* Assets.xcassets in Resources */,
				48A343E31FE5210600B80086 /* Start.storyboard in Resources */,
				9D3FCEC31FE5378600A9DC85 /* Home.storyboard in Resources */,
				48A343E01FE520DC00B80086 /* Onboarding.storyboard in Resources */,
				48A344031FE530CC00B80086 /* OnboardingCollectionViewCell.xib in Resources */,
				48570B8E1FE535C200015BE5 /* Login.storyboard in Resources */,
			);
			runOnlyForDeploymentPostprocessing = 0;
		};
/* End PBXResourcesBuildPhase section */

/* Begin PBXShellScriptBuildPhase section */
		090F94D65B2F79658592F335 /* [CP] Embed Pods Frameworks */ = {
			isa = PBXShellScriptBuildPhase;
			buildActionMask = 2147483647;
			files = (
			);
			inputPaths = (
				"${SRCROOT}/Pods/Target Support Files/Pods-Gelukszaaiers/Pods-Gelukszaaiers-frameworks.sh",
				"${BUILT_PRODUCTS_DIR}/Alamofire/Alamofire.framework",
				"${BUILT_PRODUCTS_DIR}/AlamofireActivityLogger/AlamofireActivityLogger.framework",
				"${BUILT_PRODUCTS_DIR}/Bolts/Bolts.framework",
				"${BUILT_PRODUCTS_DIR}/FBSDKCoreKit/FBSDKCoreKit.framework",
				"${BUILT_PRODUCTS_DIR}/FBSDKLoginKit/FBSDKLoginKit.framework",
				"${BUILT_PRODUCTS_DIR}/Stella/Stella.framework",
			);
			name = "[CP] Embed Pods Frameworks";
			outputPaths = (
				"${TARGET_BUILD_DIR}/${FRAMEWORKS_FOLDER_PATH}/Alamofire.framework",
				"${TARGET_BUILD_DIR}/${FRAMEWORKS_FOLDER_PATH}/AlamofireActivityLogger.framework",
				"${TARGET_BUILD_DIR}/${FRAMEWORKS_FOLDER_PATH}/Bolts.framework",
				"${TARGET_BUILD_DIR}/${FRAMEWORKS_FOLDER_PATH}/FBSDKCoreKit.framework",
				"${TARGET_BUILD_DIR}/${FRAMEWORKS_FOLDER_PATH}/FBSDKLoginKit.framework",
				"${TARGET_BUILD_DIR}/${FRAMEWORKS_FOLDER_PATH}/Stella.framework",
			);
			runOnlyForDeploymentPostprocessing = 0;
			shellPath = /bin/sh;
			shellScript = "\"${SRCROOT}/Pods/Target Support Files/Pods-Gelukszaaiers/Pods-Gelukszaaiers-frameworks.sh\"\n";
			showEnvVarsInLog = 0;
		};
		3051FB84CA83DC9C31E38808 /* [CP] Copy Pods Resources */ = {
			isa = PBXShellScriptBuildPhase;
			buildActionMask = 2147483647;
			files = (
			);
			inputPaths = (
			);
			name = "[CP] Copy Pods Resources";
			outputPaths = (
			);
			runOnlyForDeploymentPostprocessing = 0;
			shellPath = /bin/sh;
			shellScript = "\"${SRCROOT}/Pods/Target Support Files/Pods-Gelukszaaiers/Pods-Gelukszaaiers-resources.sh\"\n";
			showEnvVarsInLog = 0;
		};
		F2C44AB3CAAA49BDD5874628 /* [CP] Check Pods Manifest.lock */ = {
			isa = PBXShellScriptBuildPhase;
			buildActionMask = 2147483647;
			files = (
			);
			inputPaths = (
				"${PODS_PODFILE_DIR_PATH}/Podfile.lock",
				"${PODS_ROOT}/Manifest.lock",
			);
			name = "[CP] Check Pods Manifest.lock";
			outputPaths = (
				"$(DERIVED_FILE_DIR)/Pods-Gelukszaaiers-checkManifestLockResult.txt",
			);
			runOnlyForDeploymentPostprocessing = 0;
			shellPath = /bin/sh;
			shellScript = "diff \"${PODS_PODFILE_DIR_PATH}/Podfile.lock\" \"${PODS_ROOT}/Manifest.lock\" > /dev/null\nif [ $? != 0 ] ; then\n    # print error to STDERR\n    echo \"error: The sandbox is not in sync with the Podfile.lock. Run 'pod install' or update your CocoaPods installation.\" >&2\n    exit 1\nfi\n# This output is used by Xcode 'outputs' to avoid re-running this script phase.\necho \"SUCCESS\" > \"${SCRIPT_OUTPUT_FILE_0}\"\n";
			showEnvVarsInLog = 0;
		};
/* End PBXShellScriptBuildPhase section */

/* Begin PBXSourcesBuildPhase section */
		9D62EE931FE5193800EA6F5B /* Sources */ = {
			isa = PBXSourcesBuildPhase;
			buildActionMask = 2147483647;
			files = (
				9D3FCECE1FE5379400A9DC85 /* Coordinate+Location.swift in Sources */,
				9D3FCEC51FE5378600A9DC85 /* MapViewModel.swift in Sources */,
				48570B951FE53BAE00015BE5 /* ApplicationKeys.swift in Sources */,
				9D62EEB51FE51B3400EA6F5B /* BackendError.swift in Sources */,
				9D3FCED31FE5382100A9DC85 /* HomeViewController.swift in Sources */,
				48A344011FE52E3300B80086 /* UIView+Identifier.swift in Sources */,
				48A343F51FE527F800B80086 /* ColorRoundCornerButton.swift in Sources */,
				9D3FCECF1FE5379400A9DC85 /* Coordinate.swift in Sources */,
				48A343EF1FE5240E00B80086 /* UIColor+Palette.swift in Sources */,
				48A343FB1FE52C9A00B80086 /* OnboardingViewController.swift in Sources */,
				48A343EB1FE522C100B80086 /* CAGradientLayer+Image.swift in Sources */,
				9D62EEC31FE51D1D00EA6F5B /* Service.swift in Sources */,
				9D3FCECD1FE5379400A9DC85 /* Seed.swift in Sources */,
				48A343FF1FE52DC600B80086 /* OnboardingCollectionViewCell.swift in Sources */,
				9D33D5131FE52F870047E16B /* Location.swift in Sources */,
				48A343ED1FE522D500B80086 /* UINavigationBar+Setup.swift in Sources */,
				9D62EEBC1FE51BAE00EA6F5B /* Profile.swift in Sources */,
				9D06ED711FE525780026845C /* Adapter.swift in Sources */,
				9D62EE9B1FE5193800EA6F5B /* AppDelegate.swift in Sources */,
				9D3FCEC41FE5378600A9DC85 /* MapViewController.swift in Sources */,
				9D06ED731FE5261F0026845C /* Serializer.swift in Sources */,
				9D33D50F1FE52F780047E16B /* Image.swift in Sources */,
				48A343F91FE5284700B80086 /* GradientCornerButton.swift in Sources */,
				48570B921FE5371A00015BE5 /* LoginViewModel.swift in Sources */,
				48A343F31FE527C100B80086 /* RoundCornerButton.swift in Sources */,
				9D3FCED51FE5382C00A9DC85 /* HomeViewModel.swift in Sources */,
				48570B901FE5371000015BE5 /* LoginViewController.swift in Sources */,
				48A343E51FE5210F00B80086 /* StartViewModel.swift in Sources */,
				48A343E71FE5211800B80086 /* StartViewController.swift in Sources */,
				9D06ED751FE5295D0026845C /* SeedsRequest.swift in Sources */,
				48A343FD1FE52CAA00B80086 /* OnboardingViewModel.swift in Sources */,
				9D62EEC01FE51C9100EA6F5B /* FacebookRequest.swift in Sources */,
				9D62EEB71FE51B4600EA6F5B /* Result.swift in Sources */,
				9D3FCECC1FE5379400A9DC85 /* Seed+Location.swift in Sources */,
				9D62EEB31FE51B1C00EA6F5B /* JSONSerializer.swift in Sources */,
				9D06ED6F1FE5224C0026845C /* Request.swift in Sources */,
				9D33D5151FE52FAF0047E16B /* Person.swift in Sources */,
				9D62EEB91FE51B5E00EA6F5B /* Response.swift in Sources */,
			);
			runOnlyForDeploymentPostprocessing = 0;
		};
/* End PBXSourcesBuildPhase section */

/* Begin PBXVariantGroup section */
		9D62EEA31FE5193800EA6F5B /* LaunchScreen.storyboard */ = {
			isa = PBXVariantGroup;
			children = (
				9D62EEA41FE5193800EA6F5B /* Base */,
			);
			name = LaunchScreen.storyboard;
			sourceTree = "<group>";
		};
/* End PBXVariantGroup section */

/* Begin XCBuildConfiguration section */
		9D62EEA71FE5193800EA6F5B /* Debug */ = {
			isa = XCBuildConfiguration;
			buildSettings = {
				ALWAYS_SEARCH_USER_PATHS = NO;
				CLANG_ANALYZER_NONNULL = YES;
				CLANG_ANALYZER_NUMBER_OBJECT_CONVERSION = YES_AGGRESSIVE;
				CLANG_CXX_LANGUAGE_STANDARD = "gnu++14";
				CLANG_CXX_LIBRARY = "libc++";
				CLANG_ENABLE_MODULES = YES;
				CLANG_ENABLE_OBJC_ARC = YES;
				CLANG_WARN_BLOCK_CAPTURE_AUTORELEASING = YES;
				CLANG_WARN_BOOL_CONVERSION = YES;
				CLANG_WARN_COMMA = YES;
				CLANG_WARN_CONSTANT_CONVERSION = YES;
				CLANG_WARN_DIRECT_OBJC_ISA_USAGE = YES_ERROR;
				CLANG_WARN_DOCUMENTATION_COMMENTS = YES;
				CLANG_WARN_EMPTY_BODY = YES;
				CLANG_WARN_ENUM_CONVERSION = YES;
				CLANG_WARN_INFINITE_RECURSION = YES;
				CLANG_WARN_INT_CONVERSION = YES;
				CLANG_WARN_NON_LITERAL_NULL_CONVERSION = YES;
				CLANG_WARN_OBJC_LITERAL_CONVERSION = YES;
				CLANG_WARN_OBJC_ROOT_CLASS = YES_ERROR;
				CLANG_WARN_RANGE_LOOP_ANALYSIS = YES;
				CLANG_WARN_STRICT_PROTOTYPES = YES;
				CLANG_WARN_SUSPICIOUS_MOVE = YES;
				CLANG_WARN_UNGUARDED_AVAILABILITY = YES_AGGRESSIVE;
				CLANG_WARN_UNREACHABLE_CODE = YES;
				CLANG_WARN__DUPLICATE_METHOD_MATCH = YES;
				CODE_SIGN_IDENTITY = "iPhone Developer";
				COPY_PHASE_STRIP = NO;
				DEBUG_INFORMATION_FORMAT = dwarf;
				ENABLE_STRICT_OBJC_MSGSEND = YES;
				ENABLE_TESTABILITY = YES;
				GCC_C_LANGUAGE_STANDARD = gnu11;
				GCC_DYNAMIC_NO_PIC = NO;
				GCC_NO_COMMON_BLOCKS = YES;
				GCC_OPTIMIZATION_LEVEL = 0;
				GCC_PREPROCESSOR_DEFINITIONS = (
					"DEBUG=1",
					"$(inherited)",
				);
				GCC_WARN_64_TO_32_BIT_CONVERSION = YES;
				GCC_WARN_ABOUT_RETURN_TYPE = YES_ERROR;
				GCC_WARN_UNDECLARED_SELECTOR = YES;
				GCC_WARN_UNINITIALIZED_AUTOS = YES_AGGRESSIVE;
				GCC_WARN_UNUSED_FUNCTION = YES;
				GCC_WARN_UNUSED_VARIABLE = YES;
				IPHONEOS_DEPLOYMENT_TARGET = 11.2;
				MTL_ENABLE_DEBUG_INFO = YES;
				ONLY_ACTIVE_ARCH = YES;
				SDKROOT = iphoneos;
				SWIFT_ACTIVE_COMPILATION_CONDITIONS = DEBUG;
				SWIFT_OPTIMIZATION_LEVEL = "-Onone";
			};
			name = Debug;
		};
		9D62EEA81FE5193800EA6F5B /* Release */ = {
			isa = XCBuildConfiguration;
			buildSettings = {
				ALWAYS_SEARCH_USER_PATHS = NO;
				CLANG_ANALYZER_NONNULL = YES;
				CLANG_ANALYZER_NUMBER_OBJECT_CONVERSION = YES_AGGRESSIVE;
				CLANG_CXX_LANGUAGE_STANDARD = "gnu++14";
				CLANG_CXX_LIBRARY = "libc++";
				CLANG_ENABLE_MODULES = YES;
				CLANG_ENABLE_OBJC_ARC = YES;
				CLANG_WARN_BLOCK_CAPTURE_AUTORELEASING = YES;
				CLANG_WARN_BOOL_CONVERSION = YES;
				CLANG_WARN_COMMA = YES;
				CLANG_WARN_CONSTANT_CONVERSION = YES;
				CLANG_WARN_DIRECT_OBJC_ISA_USAGE = YES_ERROR;
				CLANG_WARN_DOCUMENTATION_COMMENTS = YES;
				CLANG_WARN_EMPTY_BODY = YES;
				CLANG_WARN_ENUM_CONVERSION = YES;
				CLANG_WARN_INFINITE_RECURSION = YES;
				CLANG_WARN_INT_CONVERSION = YES;
				CLANG_WARN_NON_LITERAL_NULL_CONVERSION = YES;
				CLANG_WARN_OBJC_LITERAL_CONVERSION = YES;
				CLANG_WARN_OBJC_ROOT_CLASS = YES_ERROR;
				CLANG_WARN_RANGE_LOOP_ANALYSIS = YES;
				CLANG_WARN_STRICT_PROTOTYPES = YES;
				CLANG_WARN_SUSPICIOUS_MOVE = YES;
				CLANG_WARN_UNGUARDED_AVAILABILITY = YES_AGGRESSIVE;
				CLANG_WARN_UNREACHABLE_CODE = YES;
				CLANG_WARN__DUPLICATE_METHOD_MATCH = YES;
				CODE_SIGN_IDENTITY = "iPhone Developer";
				COPY_PHASE_STRIP = NO;
				DEBUG_INFORMATION_FORMAT = "dwarf-with-dsym";
				ENABLE_NS_ASSERTIONS = NO;
				ENABLE_STRICT_OBJC_MSGSEND = YES;
				GCC_C_LANGUAGE_STANDARD = gnu11;
				GCC_NO_COMMON_BLOCKS = YES;
				GCC_WARN_64_TO_32_BIT_CONVERSION = YES;
				GCC_WARN_ABOUT_RETURN_TYPE = YES_ERROR;
				GCC_WARN_UNDECLARED_SELECTOR = YES;
				GCC_WARN_UNINITIALIZED_AUTOS = YES_AGGRESSIVE;
				GCC_WARN_UNUSED_FUNCTION = YES;
				GCC_WARN_UNUSED_VARIABLE = YES;
				IPHONEOS_DEPLOYMENT_TARGET = 11.2;
				MTL_ENABLE_DEBUG_INFO = NO;
				SDKROOT = iphoneos;
				SWIFT_OPTIMIZATION_LEVEL = "-Owholemodule";
				VALIDATE_PRODUCT = YES;
			};
			name = Release;
		};
		9D62EEAA1FE5193800EA6F5B /* Debug */ = {
			isa = XCBuildConfiguration;
			baseConfigurationReference = B96AF64C9CDF96584A32F9A4 /* Pods-Gelukszaaiers.debug.xcconfig */;
			buildSettings = {
				ASSETCATALOG_COMPILER_APPICON_NAME = AppIcon;
				CODE_SIGN_STYLE = Automatic;
				CURRENT_PROJECT_VERSION = 1;
				DEVELOPMENT_TEAM = FAJTRUZ6J9;
				INFOPLIST_FILE = "$(SRCROOT)/Gelukszaaiers/Supporting Files/Info.plist";
				IPHONEOS_DEPLOYMENT_TARGET = 10.0;
				LD_RUNPATH_SEARCH_PATHS = "$(inherited) @executable_path/Frameworks";
				PRODUCT_BUNDLE_IDENTIFIER = be.gelukszaaiers.app;
				PRODUCT_NAME = "$(TARGET_NAME)";
				SWIFT_VERSION = 4.0;
				TARGETED_DEVICE_FAMILY = "1,2";
			};
			name = Debug;
		};
		9D62EEAB1FE5193800EA6F5B /* Release */ = {
			isa = XCBuildConfiguration;
			baseConfigurationReference = 448BF78D6B64BE8CBC5D9F66 /* Pods-Gelukszaaiers.release.xcconfig */;
			buildSettings = {
				ASSETCATALOG_COMPILER_APPICON_NAME = AppIcon;
				CODE_SIGN_STYLE = Automatic;
				CURRENT_PROJECT_VERSION = 1;
				DEVELOPMENT_TEAM = FAJTRUZ6J9;
				INFOPLIST_FILE = "$(SRCROOT)/Gelukszaaiers/Supporting Files/Info.plist";
				IPHONEOS_DEPLOYMENT_TARGET = 10.0;
				LD_RUNPATH_SEARCH_PATHS = "$(inherited) @executable_path/Frameworks";
				PRODUCT_BUNDLE_IDENTIFIER = be.gelukszaaiers.app;
				PRODUCT_NAME = "$(TARGET_NAME)";
				SWIFT_VERSION = 4.0;
				TARGETED_DEVICE_FAMILY = "1,2";
			};
			name = Release;
		};
/* End XCBuildConfiguration section */

/* Begin XCConfigurationList section */
		9D62EE921FE5193800EA6F5B /* Build configuration list for PBXProject "Gelukszaaiers" */ = {
			isa = XCConfigurationList;
			buildConfigurations = (
				9D62EEA71FE5193800EA6F5B /* Debug */,
				9D62EEA81FE5193800EA6F5B /* Release */,
			);
			defaultConfigurationIsVisible = 0;
			defaultConfigurationName = Release;
		};
		9D62EEA91FE5193800EA6F5B /* Build configuration list for PBXNativeTarget "Gelukszaaiers" */ = {
			isa = XCConfigurationList;
			buildConfigurations = (
				9D62EEAA1FE5193800EA6F5B /* Debug */,
				9D62EEAB1FE5193800EA6F5B /* Release */,
			);
			defaultConfigurationIsVisible = 0;
			defaultConfigurationName = Release;
		};
/* End XCConfigurationList section */
	};
	rootObject = 9D62EE8F1FE5193800EA6F5B /* Project object */;
}
